
Microsoft Visual Studio Solution File, Format Version 12.00
# Visual Studio Version 16
VisualStudioVersion = 16.0.31613.86
MinimumVisualStudioVersion = 10.0.40219.1
Project("{FAE04EC0-301F-11D3-BF4B-00C04F79EFBC}") = "App.Android", "App\App.Android\App.Android.csproj", "{79CE4C68-BE55-4161-A055-0C2BC2C5C075}"
EndProject
Project("{FAE04EC0-301F-11D3-BF4B-00C04F79EFBC}") = "App.iOS", "App\App.iOS\App.iOS.csproj", "{1E19506D-6FDD-47A9-9A8E-A079C4BA751F}"
EndProject
Project("{FAE04EC0-301F-11D3-BF4B-00C04F79EFBC}") = "App", "App\App\App.csproj", "{9008C3AC-D7C3-4A6E-87F4-C495E784E1FB}"
EndProject
Global
	GlobalSection(SolutionConfigurationPlatforms) = preSolution
		Debug|Any CPU = Debug|Any CPU
		Debug|iPhone = Debug|iPhone
		Debug|iPhoneSimulator = Debug|iPhoneSimulator
		Release|Any CPU = Release|Any CPU
		Release|iPhone = Release|iPhone
		Release|iPhoneSimulator = Release|iPhoneSimulator
	EndGlobalSection
	GlobalSection(ProjectConfigurationPlatforms) = postSolution
		{79CE4C68-BE55-4161-A055-0C2BC2C5C075}.Debug|Any CPU.ActiveCfg = Debug|Any CPU
		{79CE4C68-BE55-4161-A055-0C2BC2C5C075}.Debug|Any CPU.Build.0 = Debug|Any CPU
		{79CE4C68-BE55-4161-A055-0C2BC2C5C075}.Debug|Any CPU.Deploy.0 = Debug|Any CPU
		{79CE4C68-BE55-4161-A055-0C2BC2C5C075}.Debug|iPhone.ActiveCfg = Debug|Any CPU
		{79CE4C68-BE55-4161-A055-0C2BC2C5C075}.Debug|iPhone.Build.0 = Debug|Any CPU
		{79CE4C68-BE55-4161-A055-0C2BC2C5C075}.Debug|iPhone.Deploy.0 = Debug|Any CPU
		{79CE4C68-BE55-4161-A055-0C2BC2C5C075}.Debug|iPhoneSimulator.ActiveCfg = Debug|Any CPU
		{79CE4C68-BE55-4161-A055-0C2BC2C5C075}.Debug|iPhoneSimulator.Build.0 = Debug|Any CPU
		{79CE4C68-BE55-4161-A055-0C2BC2C5C075}.Debug|iPhoneSimulator.Deploy.0 = Debug|Any CPU
		{79CE4C68-BE55-4161-A055-0C2BC2C5C075}.Release|Any CPU.ActiveCfg = Release|Any CPU
		{79CE4C68-BE55-4161-A055-0C2BC2C5C075}.Release|Any CPU.Build.0 = Release|Any CPU
		{79CE4C68-BE55-4161-A055-0C2BC2C5C075}.Release|Any CPU.Deploy.0 = Release|Any CPU
		{79CE4C68-BE55-4161-A055-0C2BC2C5C075}.Release|iPhone.ActiveCfg = Release|Any CPU
		{79CE4C68-BE55-4161-A055-0C2BC2C5C075}.Release|iPhone.Build.0 = Release|Any CPU
		{79CE4C68-BE55-4161-A055-0C2BC2C5C075}.Release|iPhone.Deploy.0 = Release|Any CPU
		{79CE4C68-BE55-4161-A055-0C2BC2C5C075}.Release|iPhoneSimulator.ActiveCfg = Release|Any CPU
		{79CE4C68-BE55-4161-A055-0C2BC2C5C075}.Release|iPhoneSimulator.Build.0 = Release|Any CPU
		{79CE4C68-BE55-4161-A055-0C2BC2C5C075}.Release|iPhoneSimulator.Deploy.0 = Release|Any CPU
		{1E19506D-6FDD-47A9-9A8E-A079C4BA751F}.Debug|Any CPU.ActiveCfg = Debug|iPhone
		{1E19506D-6FDD-47A9-9A8E-A079C4BA751F}.Debug|Any CPU.Build.0 = Debug|iPhone
		{1E19506D-6FDD-47A9-9A8E-A079C4BA751F}.Debug|Any CPU.Deploy.0 = Debug|iPhone
		{1E19506D-6FDD-47A9-9A8E-A079C4BA751F}.Debug|iPhone.ActiveCfg = Debug|iPhone
		{1E19506D-6FDD-47A9-9A8E-A079C4BA751F}.Debug|iPhone.Build.0 = Debug|iPhone
		{1E19506D-6FDD-47A9-9A8E-A079C4BA751F}.Debug|iPhone.Deploy.0 = Debug|iPhone
		{1E19506D-6FDD-47A9-9A8E-A079C4BA751F}.Debug|iPhoneSimulator.ActiveCfg = Debug|iPhoneSimulator
		{1E19506D-6FDD-47A9-9A8E-A079C4BA751F}.Debug|iPhoneSimulator.Build.0 = Debug|iPhoneSimulator
		{1E19506D-6FDD-47A9-9A8E-A079C4BA751F}.Debug|iPhoneSimulator.Deploy.0 = Debug|iPhoneSimulator
		{1E19506D-6FDD-47A9-9A8E-A079C4BA751F}.Release|Any CPU.ActiveCfg = Release|iPhoneSimulator
		{1E19506D-6FDD-47A9-9A8E-A079C4BA751F}.Release|Any CPU.Build.0 = Release|iPhoneSimulator
		{1E19506D-6FDD-47A9-9A8E-A079C4BA751F}.Release|Any CPU.Deploy.0 = Release|iPhoneSimulator
		{1E19506D-6FDD-47A9-9A8E-A079C4BA751F}.Release|iPhone.ActiveCfg = Release|iPhone
		{1E19506D-6FDD-47A9-9A8E-A079C4BA751F}.Release|iPhone.Build.0 = Release|iPhone
		{1E19506D-6FDD-47A9-9A8E-A079C4BA751F}.Release|iPhone.Deploy.0 = Release|iPhone
		{1E19506D-6FDD-47A9-9A8E-A079C4BA751F}.Release|iPhoneSimulator.ActiveCfg = Release|iPhoneSimulator
		{1E19506D-6FDD-47A9-9A8E-A079C4BA751F}.Release|iPhoneSimulator.Build.0 = Release|iPhoneSimulator
		{1E19506D-6FDD-47A9-9A8E-A079C4BA751F}.Release|iPhoneSimulator.Deploy.0 = Release|iPhoneSimulator
		{9008C3AC-D7C3-4A6E-87F4-C495E784E1FB}.Debug|Any CPU.ActiveCfg = Debug|Any CPU
		{9008C3AC-D7C3-4A6E-87F4-C495E784E1FB}.Debug|Any CPU.Build.0 = Debug|Any CPU
		{9008C3AC-D7C3-4A6E-87F4-C495E784E1FB}.Debug|Any CPU.Deploy.0 = Debug|Any CPU
		{9008C3AC-D7C3-4A6E-87F4-C495E784E1FB}.Debug|iPhone.ActiveCfg = Debug|Any CPU
		{9008C3AC-D7C3-4A6E-87F4-C495E784E1FB}.Debug|iPhone.Build.0 = Debug|Any CPU
		{9008C3AC-D7C3-4A6E-87F4-C495E784E1FB}.Debug|iPhone.Deploy.0 = Debug|Any CPU
		{9008C3AC-D7C3-4A6E-87F4-C495E784E1FB}.Debug|iPhoneSimulator.ActiveCfg = Debug|Any CPU
		{9008C3AC-D7C3-4A6E-87F4-C495E784E1FB}.Debug|iPhoneSimulator.Build.0 = Debug|Any CPU
		{9008C3AC-D7C3-4A6E-87F4-C495E784E1FB}.Debug|iPhoneSimulator.Deploy.0 = Debug|Any CPU
		{9008C3AC-D7C3-4A6E-87F4-C495E784E1FB}.Release|Any CPU.ActiveCfg = Release|Any CPU
		{9008C3AC-D7C3-4A6E-87F4-C495E784E1FB}.Release|Any CPU.Build.0 = Release|Any CPU
		{9008C3AC-D7C3-4A6E-87F4-C495E784E1FB}.Release|Any CPU.Deploy.0 = Release|Any CPU
		{9008C3AC-D7C3-4A6E-87F4-C495E784E1FB}.Release|iPhone.ActiveCfg = Release|Any CPU
		{9008C3AC-D7C3-4A6E-87F4-C495E784E1FB}.Release|iPhone.Build.0 = Release|Any CPU
		{9008C3AC-D7C3-4A6E-87F4-C495E784E1FB}.Release|iPhone.Deploy.0 = Release|Any CPU
		{9008C3AC-D7C3-4A6E-87F4-C495E784E1FB}.Release|iPhoneSimulator.ActiveCfg = Release|Any CPU
		{9008C3AC-D7C3-4A6E-87F4-C495E784E1FB}.Release|iPhoneSimulator.Build.0 = Release|Any CPU
		{9008C3AC-D7C3-4A6E-87F4-C495E784E1FB}.Release|iPhoneSimulator.Deploy.0 = Release|Any CPU
	EndGlobalSection
	GlobalSection(SolutionProperties) = preSolution
		HideSolutionNode = FALSE
	EndGlobalSection
	GlobalSection(ExtensibilityGlobals) = postSolution
		SolutionGuid = {513CBC5E-A871-4DE7-8ECF-400B7D73EA1D}
	EndGlobalSection
EndGlobal
